
Microsoft Visual Studio Solution File, Format Version 12.00
# Visual Studio 15
VisualStudioVersion = 15.0.28307.1800
MinimumVisualStudioVersion = 10.0.40219.1
Project("{FAE04EC0-301F-11D3-BF4B-00C04F79EFBC}") = "WindowsFormsApp3", "WindowsFormsApp3\WindowsFormsApp3.csproj", "{C6239E9E-EAF6-446F-9C13-83A2EDDB5CC1}"
EndProject
Global
	GlobalSection(SolutionConfigurationPlatforms) = preSolution
		Debug|Any CPU = Debug|Any CPU
		Release|Any CPU = Release|Any CPU
	EndGlobalSection
	GlobalSection(ProjectConfigurationPlatforms) = postSolution
		{C6239E9E-EAF6-446F-9C13-83A2EDDB5CC1}.Debug|Any CPU.ActiveCfg = Debug|Any CPU
		{C6239E9E-EAF6-446F-9C13-83A2EDDB5CC1}.Debug|Any CPU.Build.0 = Debug|Any CPU
		{C6239E9E-EAF6-446F-9C13-83A2EDDB5CC1}.Release|Any CPU.ActiveCfg = Release|Any CPU
		{C6239E9E-EAF6-446F-9C13-83A2EDDB5CC1}.Release|Any CPU.Build.0 = Release|Any CPU
	EndGlobalSection
	GlobalSection(SolutionProperties) = preSolution
		HideSolutionNode = FALSE
	EndGlobalSection
	GlobalSection(ExtensibilityGlobals) = postSolution
		SolutionGuid = {9534B464-4DE2-494B-B52C-5AF4AB8010DE}
	EndGlobalSection
EndGlobal
